
Microsoft Visual Studio Solution File, Format Version 12.00
# Visual Studio Version 17
VisualStudioVersion = 17.7.34031.279
MinimumVisualStudioVersion = 10.0.40219.1
Project("{FAE04EC0-301F-11D3-BF4B-00C04F79EFBC}") = "test", "test\test.csproj", "{F7A92D97-3992-42D2-9FDF-83E1EF11FCFD}"
EndProject
Global
	GlobalSection(SolutionConfigurationPlatforms) = preSolution
		Debug|Any CPU = Debug|Any CPU
		Release|Any CPU = Release|Any CPU
	EndGlobalSection
	GlobalSection(ProjectConfigurationPlatforms) = postSolution
		{F7A92D97-3992-42D2-9FDF-83E1EF11FCFD}.Debug|Any CPU.ActiveCfg = Debug|Any CPU
		{F7A92D97-3992-42D2-9FDF-83E1EF11FCFD}.Debug|Any CPU.Build.0 = Debug|Any CPU
		{F7A92D97-3992-42D2-9FDF-83E1EF11FCFD}.Release|Any CPU.ActiveCfg = Release|Any CPU
		{F7A92D97-3992-42D2-9FDF-83E1EF11FCFD}.Release|Any CPU.Build.0 = Release|Any CPU
	EndGlobalSection
	GlobalSection(SolutionProperties) = preSolution
		HideSolutionNode = FALSE
	EndGlobalSection
	GlobalSection(ExtensibilityGlobals) = postSolution
		SolutionGuid = {079BA392-F339-42FE-8EFB-A3E717D784EE}
	EndGlobalSection
EndGlobal
